{
  "lockfileVersion": 1,
  "workspaces": {
    "": {
      "name": "agent-spaces-v2",
      "devDependencies": {
        "@biomejs/biome": "^1.9.4",
        "@types/bun": "^1.1.14",
        "lefthook": "^1.11.5",
        "typescript": "^5.7.2",
      },
    },
    "integration-tests": {
      "name": "spaces-integration-tests",
      "version": "0.0.1",
      "dependencies": {
        "@lherron/agent-spaces": "*",
        "spaces-core": "*",
        "spaces-engine": "*",
        "spaces-resolver": "*",
        "spaces-store": "*",
      },
      "devDependencies": {
        "@types/bun": "^1.1.14",
        "typescript": "^5.7.2",
      },
    },
    "packages/claude": {
      "name": "spaces-claude",
      "version": "0.1.0",
      "dependencies": {
        "spaces-core": "*",
      },
      "devDependencies": {
        "@types/bun": "latest",
        "typescript": "^5.0.0",
      },
    },
    "packages/cli": {
      "name": "@lherron/agent-spaces",
      "version": "0.2.0",
      "bin": {
        "asp": "./bin/asp.js",
      },
      "dependencies": {
        "chalk": "^5.3.0",
        "commander": "^12.1.0",
        "figures": "^6.1.0",
        "ora": "^9.0.0",
        "spaces-claude": "*",
        "spaces-core": "*",
        "spaces-engine": "*",
        "spaces-git": "*",
        "spaces-lint": "*",
        "spaces-materializer": "*",
        "spaces-resolver": "*",
        "spaces-store": "*",
      },
      "devDependencies": {
        "@types/bun": "latest",
        "typescript": "^5.8.3",
      },
    },
    "packages/core": {
      "name": "spaces-core",
      "version": "0.1.0",
      "dependencies": {
        "@iarna/toml": "^2.2.5",
        "ajv": "^8.17.1",
        "ajv-formats": "^3.0.1",
        "proper-lockfile": "^4.1.2",
      },
      "devDependencies": {
        "@types/proper-lockfile": "^4.1.4",
      },
    },
    "packages/engine": {
      "name": "spaces-engine",
      "version": "0.1.0",
      "dependencies": {
        "spaces-claude": "*",
        "spaces-core": "*",
        "spaces-git": "*",
        "spaces-lint": "*",
        "spaces-materializer": "*",
        "spaces-resolver": "*",
        "spaces-store": "*",
      },
      "devDependencies": {
        "@types/bun": "latest",
        "typescript": "^5.8.3",
      },
    },
    "packages/git": {
      "name": "spaces-git",
      "version": "0.1.0",
      "dependencies": {
        "spaces-core": "*",
      },
      "devDependencies": {
        "@types/bun": "latest",
        "typescript": "^5.0.0",
      },
    },
    "packages/lint": {
      "name": "spaces-lint",
      "version": "0.1.0",
      "dependencies": {
        "spaces-core": "*",
        "spaces-materializer": "*",
      },
    },
    "packages/materializer": {
      "name": "spaces-materializer",
      "version": "0.1.0",
      "dependencies": {
        "@iarna/toml": "^2.2.5",
        "spaces-core": "*",
        "spaces-store": "*",
      },
    },
    "packages/resolver": {
      "name": "spaces-resolver",
      "version": "0.1.0",
      "dependencies": {
        "@iarna/toml": "^2.2.5",
        "semver": "^7.6.0",
        "spaces-core": "*",
        "spaces-git": "*",
      },
      "devDependencies": {
        "@types/semver": "^7.5.8",
      },
    },
    "packages/store": {
      "name": "spaces-store",
      "version": "0.1.0",
      "dependencies": {
        "spaces-core": "*",
        "spaces-git": "*",
        "spaces-resolver": "*",
      },
    },
  },
  "packages": {
    "@biomejs/biome": ["@biomejs/biome@1.9.4", "", { "optionalDependencies": { "@biomejs/cli-darwin-arm64": "1.9.4" }, "bin": { "biome": "bin/biome" } }, ""],

    "@biomejs/cli-darwin-arm64": ["@biomejs/cli-darwin-arm64@1.9.4", "", { "os": "darwin", "cpu": "arm64" }, ""],

    "@iarna/toml": ["@iarna/toml@2.2.5", "", {}, ""],

    "@lherron/agent-spaces": ["@lherron/agent-spaces@workspace:packages/cli"],

    "@types/bun": ["@types/bun@1.3.5", "", { "dependencies": { "bun-types": "1.3.5" } }, "sha512-RnygCqNrd3srIPEWBd5LFeUYG7plCoH2Yw9WaZGyNmdTEei+gWaHqydbaIRkIkcbXwhBT94q78QljxN0Sk838w=="],

    "@types/node": ["@types/node@25.0.5", "", { "dependencies": { "undici-types": "~7.16.0" } }, ""],

    "@types/proper-lockfile": ["@types/proper-lockfile@4.1.4", "", { "dependencies": { "@types/retry": "*" } }, ""],

    "@types/retry": ["@types/retry@0.12.5", "", {}, ""],

    "@types/semver": ["@types/semver@7.7.1", "", {}, ""],

    "ajv": ["ajv@8.17.1", "", { "dependencies": { "fast-deep-equal": "^3.1.3", "fast-uri": "^3.0.1", "json-schema-traverse": "^1.0.0", "require-from-string": "^2.0.2" } }, ""],

    "ajv-formats": ["ajv-formats@3.0.1", "", { "dependencies": { "ajv": "^8.0.0" }, "peerDependencies": { "ajv": "^8.0.0" } }, ""],

    "ansi-regex": ["ansi-regex@6.2.2", "", {}, ""],

    "bun-types": ["bun-types@1.3.5", "", { "dependencies": { "@types/node": "*" } }, ""],

    "chalk": ["chalk@5.6.2", "", {}, ""],

    "cli-cursor": ["cli-cursor@5.0.0", "", { "dependencies": { "restore-cursor": "^5.0.0" } }, ""],

    "cli-spinners": ["cli-spinners@3.3.0", "", {}, ""],

    "commander": ["commander@12.1.0", "", {}, ""],

    "fast-deep-equal": ["fast-deep-equal@3.1.3", "", {}, ""],

    "fast-uri": ["fast-uri@3.1.0", "", {}, ""],

    "figures": ["figures@6.1.0", "", { "dependencies": { "is-unicode-supported": "^2.0.0" } }, ""],

    "get-east-asian-width": ["get-east-asian-width@1.4.0", "", {}, ""],

    "graceful-fs": ["graceful-fs@4.2.11", "", {}, ""],

    "is-interactive": ["is-interactive@2.0.0", "", {}, ""],

    "is-unicode-supported": ["is-unicode-supported@2.1.0", "", {}, ""],

    "json-schema-traverse": ["json-schema-traverse@1.0.0", "", {}, ""],

    "lefthook": ["lefthook@1.13.6", "", { "optionalDependencies": { "lefthook-darwin-arm64": "1.13.6" }, "bin": "bin/index.js" }, ""],

    "lefthook-darwin-arm64": ["lefthook-darwin-arm64@1.13.6", "", { "os": "darwin", "cpu": "arm64" }, ""],

    "log-symbols": ["log-symbols@7.0.1", "", { "dependencies": { "is-unicode-supported": "^2.0.0", "yoctocolors": "^2.1.1" } }, ""],

    "mimic-function": ["mimic-function@5.0.1", "", {}, ""],

    "onetime": ["onetime@7.0.0", "", { "dependencies": { "mimic-function": "^5.0.0" } }, ""],

    "ora": ["ora@9.0.0", "", { "dependencies": { "chalk": "^5.6.2", "cli-cursor": "^5.0.0", "cli-spinners": "^3.2.0", "is-interactive": "^2.0.0", "is-unicode-supported": "^2.1.0", "log-symbols": "^7.0.1", "stdin-discarder": "^0.2.2", "string-width": "^8.1.0", "strip-ansi": "^7.1.2" } }, ""],

    "proper-lockfile": ["proper-lockfile@4.1.2", "", { "dependencies": { "graceful-fs": "^4.2.4", "retry": "^0.12.0", "signal-exit": "^3.0.2" } }, ""],

    "require-from-string": ["require-from-string@2.0.2", "", {}, ""],

    "restore-cursor": ["restore-cursor@5.1.0", "", { "dependencies": { "onetime": "^7.0.0", "signal-exit": "^4.1.0" } }, ""],

    "retry": ["retry@0.12.0", "", {}, ""],

    "semver": ["semver@7.7.3", "", { "bin": "bin/semver.js" }, ""],

    "signal-exit": ["signal-exit@3.0.7", "", {}, ""],

    "spaces-claude": ["spaces-claude@workspace:packages/claude"],

    "spaces-core": ["spaces-core@workspace:packages/core"],

    "spaces-engine": ["spaces-engine@workspace:packages/engine"],

    "spaces-git": ["spaces-git@workspace:packages/git"],

    "spaces-integration-tests": ["spaces-integration-tests@workspace:integration-tests"],

    "spaces-lint": ["spaces-lint@workspace:packages/lint"],

    "spaces-materializer": ["spaces-materializer@workspace:packages/materializer"],

    "spaces-resolver": ["spaces-resolver@workspace:packages/resolver"],

    "spaces-store": ["spaces-store@workspace:packages/store"],

    "stdin-discarder": ["stdin-discarder@0.2.2", "", {}, ""],

    "string-width": ["string-width@8.1.0", "", { "dependencies": { "get-east-asian-width": "^1.3.0", "strip-ansi": "^7.1.0" } }, ""],

    "strip-ansi": ["strip-ansi@7.1.2", "", { "dependencies": { "ansi-regex": "^6.0.1" } }, ""],

    "typescript": ["typescript@5.9.3", "", { "bin": { "tsc": "bin/tsc", "tsserver": "bin/tsserver" } }, ""],

    "undici-types": ["undici-types@7.16.0", "", {}, ""],

    "yoctocolors": ["yoctocolors@2.1.2", "", {}, ""],

    "@lherron/agent-spaces/@types/bun": ["@types/bun@1.3.6", "", { "dependencies": { "bun-types": "1.3.6" } }, "sha512-uWCv6FO/8LcpREhenN1d1b6fcspAB+cefwD7uti8C8VffIv0Um08TKMn98FynpTiU38+y2dUO55T11NgDt8VAA=="],

    "restore-cursor/signal-exit": ["signal-exit@4.1.0", "", {}, ""],

    "spaces-claude/@types/bun": ["@types/bun@1.3.6", "", { "dependencies": { "bun-types": "1.3.6" } }, "sha512-uWCv6FO/8LcpREhenN1d1b6fcspAB+cefwD7uti8C8VffIv0Um08TKMn98FynpTiU38+y2dUO55T11NgDt8VAA=="],

    "spaces-engine/@types/bun": ["@types/bun@1.3.6", "", { "dependencies": { "bun-types": "1.3.6" } }, "sha512-uWCv6FO/8LcpREhenN1d1b6fcspAB+cefwD7uti8C8VffIv0Um08TKMn98FynpTiU38+y2dUO55T11NgDt8VAA=="],

    "spaces-git/@types/bun": ["@types/bun@1.3.6", "", { "dependencies": { "bun-types": "1.3.6" } }, "sha512-uWCv6FO/8LcpREhenN1d1b6fcspAB+cefwD7uti8C8VffIv0Um08TKMn98FynpTiU38+y2dUO55T11NgDt8VAA=="],

    "spaces-integration-tests/@types/bun": ["@types/bun@1.3.6", "", { "dependencies": { "bun-types": "1.3.6" } }, "sha512-uWCv6FO/8LcpREhenN1d1b6fcspAB+cefwD7uti8C8VffIv0Um08TKMn98FynpTiU38+y2dUO55T11NgDt8VAA=="],

    "@lherron/agent-spaces/@types/bun/bun-types": ["bun-types@1.3.6", "", { "dependencies": { "@types/node": "*" } }, "sha512-OlFwHcnNV99r//9v5IIOgQ9Uk37gZqrNMCcqEaExdkVq3Avwqok1bJFmvGMCkCE0FqzdY8VMOZpfpR3lwI+CsQ=="],

    "spaces-claude/@types/bun/bun-types": ["bun-types@1.3.6", "", { "dependencies": { "@types/node": "*" } }, "sha512-OlFwHcnNV99r//9v5IIOgQ9Uk37gZqrNMCcqEaExdkVq3Avwqok1bJFmvGMCkCE0FqzdY8VMOZpfpR3lwI+CsQ=="],

    "spaces-engine/@types/bun/bun-types": ["bun-types@1.3.6", "", { "dependencies": { "@types/node": "*" } }, "sha512-OlFwHcnNV99r//9v5IIOgQ9Uk37gZqrNMCcqEaExdkVq3Avwqok1bJFmvGMCkCE0FqzdY8VMOZpfpR3lwI+CsQ=="],

    "spaces-git/@types/bun/bun-types": ["bun-types@1.3.6", "", { "dependencies": { "@types/node": "*" } }, "sha512-OlFwHcnNV99r//9v5IIOgQ9Uk37gZqrNMCcqEaExdkVq3Avwqok1bJFmvGMCkCE0FqzdY8VMOZpfpR3lwI+CsQ=="],

    "spaces-integration-tests/@types/bun/bun-types": ["bun-types@1.3.6", "", { "dependencies": { "@types/node": "*" } }, "sha512-OlFwHcnNV99r//9v5IIOgQ9Uk37gZqrNMCcqEaExdkVq3Avwqok1bJFmvGMCkCE0FqzdY8VMOZpfpR3lwI+CsQ=="],
  }
}
